// !$*UTF8*$!
{
	archiveVersion = 1;
	classes = {
	};
	objectVersion = 46;
	objects = {

/* Begin PBXBuildFile section */
		2627EA2218BDAF7000ECD2A5 /* 86-camera.png in Resources */ = {isa = PBXBuildFile; fileRef = 2627EA2118BDAF7000ECD2A5 /* 86-camera.png */; };
		2627EA2418BDB02F00ECD2A5 /* 11-clock.png in Resources */ = {isa = PBXBuildFile; fileRef = 2627EA2318BDB02F00ECD2A5 /* 11-clock.png */; };
		2627EA2618BDB06D00ECD2A5 /* 111-user.png in Resources */ = {isa = PBXBuildFile; fileRef = 2627EA2518BDB06D00ECD2A5 /* 111-user.png */; };
		2627EA2818BDB07200ECD2A5 /* 112-group.png in Resources */ = {isa = PBXBuildFile; fileRef = 2627EA2718BDB07200ECD2A5 /* 112-group.png */; };
		2627EA2A18BDB09800ECD2A5 /* 117-todo.png in Resources */ = {isa = PBXBuildFile; fileRef = 2627EA2918BDB09800ECD2A5 /* 117-todo.png */; };
		2627EA2D18BDBDDE00ECD2A5 /* UIImage+mask.m in Sources */ = {isa = PBXBuildFile; fileRef = 2627EA2C18BDBDDE00ECD2A5 /* UIImage+mask.m */; };
		263295E718B33DA700A84CB2 /* QuestionVC.m in Sources */ = {isa = PBXBuildFile; fileRef = 263295E518B33DA700A84CB2 /* QuestionVC.m */; };
		263295E818B33DA700A84CB2 /* QuestionVC.xib in Resources */ = {isa = PBXBuildFile; fileRef = 263295E618B33DA700A84CB2 /* QuestionVC.xib */; };
		2632962D18B5DBDE00A84CB2 /* 111834.jpg in Resources */ = {isa = PBXBuildFile; fileRef = 2632962B18B5DBDE00A84CB2 /* 111834.jpg */; };
		2632962E18B5DBDE00A84CB2 /* 131466.jpg in Resources */ = {isa = PBXBuildFile; fileRef = 2632962C18B5DBDE00A84CB2 /* 131466.jpg */; };
		263519F718A5D1FF000A30C9 /* Foundation.framework in Frameworks */ = {isa = PBXBuildFile; fileRef = 263519F618A5D1FF000A30C9 /* Foundation.framework */; };
		263519F918A5D1FF000A30C9 /* CoreGraphics.framework in Frameworks */ = {isa = PBXBuildFile; fileRef = 263519F818A5D1FF000A30C9 /* CoreGraphics.framework */; };
		263519FB18A5D1FF000A30C9 /* UIKit.framework in Frameworks */ = {isa = PBXBuildFile; fileRef = 263519FA18A5D1FF000A30C9 /* UIKit.framework */; };
		26351A0118A5D1FF000A30C9 /* InfoPlist.strings in Resources */ = {isa = PBXBuildFile; fileRef = 263519FF18A5D1FF000A30C9 /* InfoPlist.strings */; };
		26351A0318A5D1FF000A30C9 /* main.m in Sources */ = {isa = PBXBuildFile; fileRef = 26351A0218A5D1FF000A30C9 /* main.m */; };
		26351A0718A5D1FF000A30C9 /* AppDelegate.m in Sources */ = {isa = PBXBuildFile; fileRef = 26351A0618A5D1FF000A30C9 /* AppDelegate.m */; };
		26351A0A18A5D1FF000A30C9 /* Main_iPhone.storyboard in Resources */ = {isa = PBXBuildFile; fileRef = 26351A0818A5D1FF000A30C9 /* Main_iPhone.storyboard */; };
		26351A0D18A5D1FF000A30C9 /* Main_iPad.storyboard in Resources */ = {isa = PBXBuildFile; fileRef = 26351A0B18A5D1FF000A30C9 /* Main_iPad.storyboard */; };
		26351A1218A5D1FF000A30C9 /* Images.xcassets in Resources */ = {isa = PBXBuildFile; fileRef = 26351A1118A5D1FF000A30C9 /* Images.xcassets */; };
		26351A1918A5D1FF000A30C9 /* XCTest.framework in Frameworks */ = {isa = PBXBuildFile; fileRef = 26351A1818A5D1FF000A30C9 /* XCTest.framework */; };
		26351A1A18A5D1FF000A30C9 /* Foundation.framework in Frameworks */ = {isa = PBXBuildFile; fileRef = 263519F618A5D1FF000A30C9 /* Foundation.framework */; };
		26351A1B18A5D1FF000A30C9 /* UIKit.framework in Frameworks */ = {isa = PBXBuildFile; fileRef = 263519FA18A5D1FF000A30C9 /* UIKit.framework */; };
		26351A2318A5D1FF000A30C9 /* InfoPlist.strings in Resources */ = {isa = PBXBuildFile; fileRef = 26351A2118A5D1FF000A30C9 /* InfoPlist.strings */; };
		26351A2518A5D1FF000A30C9 /* choosemeTests.m in Sources */ = {isa = PBXBuildFile; fileRef = 26351A2418A5D1FF000A30C9 /* choosemeTests.m */; };
		26351A3118A5D24D000A30C9 /* CameraVC.m in Sources */ = {isa = PBXBuildFile; fileRef = 26351A2F18A5D24D000A30C9 /* CameraVC.m */; };
		26351A3218A5D24D000A30C9 /* CameraVC.xib in Resources */ = {isa = PBXBuildFile; fileRef = 26351A3018A5D24D000A30C9 /* CameraVC.xib */; };
		26351A3618A5FB6B000A30C9 /* FeedVC.m in Sources */ = {isa = PBXBuildFile; fileRef = 26351A3418A5FB6B000A30C9 /* FeedVC.m */; };
		26351A3718A5FB6B000A30C9 /* FeedVC.xib in Resources */ = {isa = PBXBuildFile; fileRef = 26351A3518A5FB6B000A30C9 /* FeedVC.xib */; };
		26351A8518A72449000A30C9 /* AppViewController.m in Sources */ = {isa = PBXBuildFile; fileRef = 26351A8318A72449000A30C9 /* AppViewController.m */; };
		26351A8618A72449000A30C9 /* AppViewController.xib in Resources */ = {isa = PBXBuildFile; fileRef = 26351A8418A72449000A30C9 /* AppViewController.xib */; };
		26351A8E18A7EEF4000A30C9 /* FeedCell.m in Sources */ = {isa = PBXBuildFile; fileRef = 26351A8D18A7EEF4000A30C9 /* FeedCell.m */; };
		26351A9018A7EF0C000A30C9 /* FeedCell.xib in Resources */ = {isa = PBXBuildFile; fileRef = 26351A8F18A7EF0C000A30C9 /* FeedCell.xib */; };
		26351A9318A7F59E000A30C9 /* Question.m in Sources */ = {isa = PBXBuildFile; fileRef = 26351A9218A7F59E000A30C9 /* Question.m */; };
		26351A9718A80EC7000A30C9 /* PostVC.m in Sources */ = {isa = PBXBuildFile; fileRef = 26351A9518A80EC7000A30C9 /* PostVC.m */; };
		26351A9818A80EC7000A30C9 /* PostVC.xib in Resources */ = {isa = PBXBuildFile; fileRef = 26351A9618A80EC7000A30C9 /* PostVC.xib */; };
		26644CC318B723C000806490 /* AddFriendCell.m in Sources */ = {isa = PBXBuildFile; fileRef = 26644CC118B723C000806490 /* AddFriendCell.m */; };
		26644CC418B723C000806490 /* AddFriendCell.xib in Resources */ = {isa = PBXBuildFile; fileRef = 26644CC218B723C000806490 /* AddFriendCell.xib */; };
		2680195518C0770800B4A22D /* NewFeedVC.m in Sources */ = {isa = PBXBuildFile; fileRef = 2680195318C0770800B4A22D /* NewFeedVC.m */; };
		2680195618C0770800B4A22D /* NewFeedVC.xib in Resources */ = {isa = PBXBuildFile; fileRef = 2680195418C0770800B4A22D /* NewFeedVC.xib */; };
		2680195918C08CFD00B4A22D /* PictureView.m in Sources */ = {isa = PBXBuildFile; fileRef = 2680195818C08CFD00B4A22D /* PictureView.m */; };
		2680195D18C08E9000B4A22D /* 29-heart.png in Resources */ = {isa = PBXBuildFile; fileRef = 2680195C18C08E9000B4A22D /* 29-heart.png */; };
		2680195F18C08EF400B4A22D /* 08-chat.png in Resources */ = {isa = PBXBuildFile; fileRef = 2680195E18C08EF400B4A22D /* 08-chat.png */; };
		2680196618C0968E00B4A22D /* UserQuestionView.xib in Resources */ = {isa = PBXBuildFile; fileRef = 2680196518C0968E00B4A22D /* UserQuestionView.xib */; };
		2680196918C09C8C00B4A22D /* NewFeedCell.m in Sources */ = {isa = PBXBuildFile; fileRef = 2680196818C09C8C00B4A22D /* NewFeedCell.m */; };
		2680196B18C09D1200B4A22D /* NewFeedCell.xib in Resources */ = {isa = PBXBuildFile; fileRef = 2680196A18C09D1200B4A22D /* NewFeedCell.xib */; };
		2680196E18C1BE2F00B4A22D /* UserQuestionView.m in Sources */ = {isa = PBXBuildFile; fileRef = 2680196D18C1BE2F00B4A22D /* UserQuestionView.m */; };
		2680197018C1BE3B00B4A22D /* PictureView.xib in Resources */ = {isa = PBXBuildFile; fileRef = 2680196F18C1BE3B00B4A22D /* PictureView.xib */; };
		B031302B82C840708B86AE68 /* libPods.a in Frameworks */ = {isa = PBXBuildFile; fileRef = 43619A4B92F840368B218FE4 /* libPods.a */; };
		D5074FD318C05EB70028ED2F /* Parse.framework in Frameworks */ = {isa = PBXBuildFile; fileRef = D5074FD218C05EB70028ED2F /* Parse.framework */; };
		D5074FDD18C06EF30028ED2F /* slr_camera-32.png in Resources */ = {isa = PBXBuildFile; fileRef = D5074FDC18C06EF30028ED2F /* slr_camera-32.png */; };
		D5074FDF18C06F080028ED2F /* stack_of_photos-32.png in Resources */ = {isa = PBXBuildFile; fileRef = D5074FDE18C06F080028ED2F /* stack_of_photos-32.png */; };
		D5074FE118C06F130028ED2F /* pinterest-32.png in Resources */ = {isa = PBXBuildFile; fileRef = D5074FE018C06F130028ED2F /* pinterest-32.png */; };
		D5438AD618C1B34A00C94D3B /* PinterestVC.m in Sources */ = {isa = PBXBuildFile; fileRef = D5438AD418C1B34A00C94D3B /* PinterestVC.m */; };
		D5438AD718C1B34A00C94D3B /* PinterestVC.xib in Resources */ = {isa = PBXBuildFile; fileRef = D5438AD518C1B34A00C94D3B /* PinterestVC.xib */; };
		D5438ADA18C1B47F00C94D3B /* PinterestClient.m in Sources */ = {isa = PBXBuildFile; fileRef = D5438AD918C1B47F00C94D3B /* PinterestClient.m */; };
		D5438ADD18C1C3B400C94D3B /* PinCell.m in Sources */ = {isa = PBXBuildFile; fileRef = D5438ADC18C1C3B400C94D3B /* PinCell.m */; };
		D5438ADF18C1C49500C94D3B /* PinCell.xib in Resources */ = {isa = PBXBuildFile; fileRef = D5438ADE18C1C49500C94D3B /* PinCell.xib */; };
		D5438AE118C1D89900C94D3B /* pinterest-128.png in Resources */ = {isa = PBXBuildFile; fileRef = D5438AE018C1D89900C94D3B /* pinterest-128.png */; };
		D572FE4718B1DAFE000DB1D0 /* FacebookSDK.framework in Frameworks */ = {isa = PBXBuildFile; fileRef = D572FE4618B1DAFE000DB1D0 /* FacebookSDK.framework */; };
		D572FE4B18B1DBF7000DB1D0 /* AudioToolbox.framework in Frameworks */ = {isa = PBXBuildFile; fileRef = D572FE4A18B1DBF7000DB1D0 /* AudioToolbox.framework */; };
		D572FE4D18B1DBFE000DB1D0 /* CFNetwork.framework in Frameworks */ = {isa = PBXBuildFile; fileRef = D572FE4C18B1DBFE000DB1D0 /* CFNetwork.framework */; };
		D572FE4F18B1DC0F000DB1D0 /* CoreLocation.framework in Frameworks */ = {isa = PBXBuildFile; fileRef = D572FE4E18B1DC0F000DB1D0 /* CoreLocation.framework */; };
		D572FE5118B1DC18000DB1D0 /* libz.dylib in Frameworks */ = {isa = PBXBuildFile; fileRef = D572FE5018B1DC18000DB1D0 /* libz.dylib */; };
		D572FE5318B1DC21000DB1D0 /* MobileCoreServices.framework in Frameworks */ = {isa = PBXBuildFile; fileRef = D572FE5218B1DC21000DB1D0 /* MobileCoreServices.framework */; };
		D572FE5518B1DC2A000DB1D0 /* QuartzCore.framework in Frameworks */ = {isa = PBXBuildFile; fileRef = D572FE5418B1DC2A000DB1D0 /* QuartzCore.framework */; };
		D572FE5718B1DC35000DB1D0 /* Security.framework in Frameworks */ = {isa = PBXBuildFile; fileRef = D572FE5618B1DC35000DB1D0 /* Security.framework */; };
		D572FE5918B1DC3C000DB1D0 /* StoreKit.framework in Frameworks */ = {isa = PBXBuildFile; fileRef = D572FE5818B1DC3C000DB1D0 /* StoreKit.framework */; };
		D572FE5B18B1DC46000DB1D0 /* SystemConfiguration.framework in Frameworks */ = {isa = PBXBuildFile; fileRef = D572FE5A18B1DC46000DB1D0 /* SystemConfiguration.framework */; };
/* End PBXBuildFile section */

/* Begin PBXContainerItemProxy section */
		26351A1C18A5D1FF000A30C9 /* PBXContainerItemProxy */ = {
			isa = PBXContainerItemProxy;
			containerPortal = 263519EB18A5D1FF000A30C9 /* Project object */;
			proxyType = 1;
			remoteGlobalIDString = 263519F218A5D1FF000A30C9;
			remoteInfo = chooseme;
		};
/* End PBXContainerItemProxy section */

/* Begin PBXFileReference section */
		2627EA2118BDAF7000ECD2A5 /* 86-camera.png */ = {isa = PBXFileReference; lastKnownFileType = image.png; path = "86-camera.png"; sourceTree = "<group>"; };
		2627EA2318BDB02F00ECD2A5 /* 11-clock.png */ = {isa = PBXFileReference; lastKnownFileType = image.png; path = "11-clock.png"; sourceTree = "<group>"; };
		2627EA2518BDB06D00ECD2A5 /* 111-user.png */ = {isa = PBXFileReference; lastKnownFileType = image.png; path = "111-user.png"; sourceTree = "<group>"; };
		2627EA2718BDB07200ECD2A5 /* 112-group.png */ = {isa = PBXFileReference; lastKnownFileType = image.png; path = "112-group.png"; sourceTree = "<group>"; };
		2627EA2918BDB09800ECD2A5 /* 117-todo.png */ = {isa = PBXFileReference; lastKnownFileType = image.png; path = "117-todo.png"; sourceTree = "<group>"; };
		2627EA2B18BDBDDE00ECD2A5 /* UIImage+mask.h */ = {isa = PBXFileReference; fileEncoding = 4; lastKnownFileType = sourcecode.c.h; path = "UIImage+mask.h"; sourceTree = "<group>"; };
		2627EA2C18BDBDDE00ECD2A5 /* UIImage+mask.m */ = {isa = PBXFileReference; fileEncoding = 4; lastKnownFileType = sourcecode.c.objc; path = "UIImage+mask.m"; sourceTree = "<group>"; };
		263295E418B33DA700A84CB2 /* QuestionVC.h */ = {isa = PBXFileReference; fileEncoding = 4; lastKnownFileType = sourcecode.c.h; path = QuestionVC.h; sourceTree = "<group>"; };
		263295E518B33DA700A84CB2 /* QuestionVC.m */ = {isa = PBXFileReference; fileEncoding = 4; lastKnownFileType = sourcecode.c.objc; path = QuestionVC.m; sourceTree = "<group>"; };
		263295E618B33DA700A84CB2 /* QuestionVC.xib */ = {isa = PBXFileReference; fileEncoding = 4; lastKnownFileType = file.xib; path = QuestionVC.xib; sourceTree = "<group>"; };
		2632962B18B5DBDE00A84CB2 /* 111834.jpg */ = {isa = PBXFileReference; lastKnownFileType = image.jpeg; path = 111834.jpg; sourceTree = "<group>"; };
		2632962C18B5DBDE00A84CB2 /* 131466.jpg */ = {isa = PBXFileReference; lastKnownFileType = image.jpeg; path = 131466.jpg; sourceTree = "<group>"; };
		263519F318A5D1FF000A30C9 /* chooseme.app */ = {isa = PBXFileReference; explicitFileType = wrapper.application; includeInIndex = 0; path = chooseme.app; sourceTree = BUILT_PRODUCTS_DIR; };
		263519F618A5D1FF000A30C9 /* Foundation.framework */ = {isa = PBXFileReference; lastKnownFileType = wrapper.framework; name = Foundation.framework; path = System/Library/Frameworks/Foundation.framework; sourceTree = SDKROOT; };
		263519F818A5D1FF000A30C9 /* CoreGraphics.framework */ = {isa = PBXFileReference; lastKnownFileType = wrapper.framework; name = CoreGraphics.framework; path = System/Library/Frameworks/CoreGraphics.framework; sourceTree = SDKROOT; };
		263519FA18A5D1FF000A30C9 /* UIKit.framework */ = {isa = PBXFileReference; lastKnownFileType = wrapper.framework; name = UIKit.framework; path = System/Library/Frameworks/UIKit.framework; sourceTree = SDKROOT; };
		263519FE18A5D1FF000A30C9 /* chooseme-Info.plist */ = {isa = PBXFileReference; lastKnownFileType = text.plist.xml; path = "chooseme-Info.plist"; sourceTree = "<group>"; };
		26351A0018A5D1FF000A30C9 /* en */ = {isa = PBXFileReference; lastKnownFileType = text.plist.strings; name = en; path = en.lproj/InfoPlist.strings; sourceTree = "<group>"; };
		26351A0218A5D1FF000A30C9 /* main.m */ = {isa = PBXFileReference; lastKnownFileType = sourcecode.c.objc; path = main.m; sourceTree = "<group>"; };
		26351A0418A5D1FF000A30C9 /* chooseme-Prefix.pch */ = {isa = PBXFileReference; lastKnownFileType = sourcecode.c.h; path = "chooseme-Prefix.pch"; sourceTree = "<group>"; };
		26351A0518A5D1FF000A30C9 /* AppDelegate.h */ = {isa = PBXFileReference; lastKnownFileType = sourcecode.c.h; path = AppDelegate.h; sourceTree = "<group>"; };
		26351A0618A5D1FF000A30C9 /* AppDelegate.m */ = {isa = PBXFileReference; lastKnownFileType = sourcecode.c.objc; path = AppDelegate.m; sourceTree = "<group>"; };
		26351A0918A5D1FF000A30C9 /* Base */ = {isa = PBXFileReference; lastKnownFileType = file.storyboard; name = Base; path = Base.lproj/Main_iPhone.storyboard; sourceTree = "<group>"; };
		26351A0C18A5D1FF000A30C9 /* Base */ = {isa = PBXFileReference; lastKnownFileType = file.storyboard; name = Base; path = Base.lproj/Main_iPad.storyboard; sourceTree = "<group>"; };
		26351A1118A5D1FF000A30C9 /* Images.xcassets */ = {isa = PBXFileReference; lastKnownFileType = folder.assetcatalog; path = Images.xcassets; sourceTree = "<group>"; };
		26351A1718A5D1FF000A30C9 /* choosemeTests.xctest */ = {isa = PBXFileReference; explicitFileType = wrapper.cfbundle; includeInIndex = 0; path = choosemeTests.xctest; sourceTree = BUILT_PRODUCTS_DIR; };
		26351A1818A5D1FF000A30C9 /* XCTest.framework */ = {isa = PBXFileReference; lastKnownFileType = wrapper.framework; name = XCTest.framework; path = Library/Frameworks/XCTest.framework; sourceTree = DEVELOPER_DIR; };
		26351A2018A5D1FF000A30C9 /* choosemeTests-Info.plist */ = {isa = PBXFileReference; lastKnownFileType = text.plist.xml; path = "choosemeTests-Info.plist"; sourceTree = "<group>"; };
		26351A2218A5D1FF000A30C9 /* en */ = {isa = PBXFileReference; lastKnownFileType = text.plist.strings; name = en; path = en.lproj/InfoPlist.strings; sourceTree = "<group>"; };
		26351A2418A5D1FF000A30C9 /* choosemeTests.m */ = {isa = PBXFileReference; lastKnownFileType = sourcecode.c.objc; path = choosemeTests.m; sourceTree = "<group>"; };
		26351A2E18A5D24D000A30C9 /* CameraVC.h */ = {isa = PBXFileReference; fileEncoding = 4; lastKnownFileType = sourcecode.c.h; path = CameraVC.h; sourceTree = "<group>"; };
		26351A2F18A5D24D000A30C9 /* CameraVC.m */ = {isa = PBXFileReference; fileEncoding = 4; lastKnownFileType = sourcecode.c.objc; path = CameraVC.m; sourceTree = "<group>"; };
		26351A3018A5D24D000A30C9 /* CameraVC.xib */ = {isa = PBXFileReference; fileEncoding = 4; lastKnownFileType = file.xib; path = CameraVC.xib; sourceTree = "<group>"; };
		26351A3318A5FB6B000A30C9 /* FeedVC.h */ = {isa = PBXFileReference; fileEncoding = 4; lastKnownFileType = sourcecode.c.h; path = FeedVC.h; sourceTree = "<group>"; };
		26351A3418A5FB6B000A30C9 /* FeedVC.m */ = {isa = PBXFileReference; fileEncoding = 4; lastKnownFileType = sourcecode.c.objc; path = FeedVC.m; sourceTree = "<group>"; };
		26351A3518A5FB6B000A30C9 /* FeedVC.xib */ = {isa = PBXFileReference; fileEncoding = 4; lastKnownFileType = file.xib; path = FeedVC.xib; sourceTree = "<group>"; };
		26351A8218A72449000A30C9 /* AppViewController.h */ = {isa = PBXFileReference; fileEncoding = 4; lastKnownFileType = sourcecode.c.h; path = AppViewController.h; sourceTree = "<group>"; };
		26351A8318A72449000A30C9 /* AppViewController.m */ = {isa = PBXFileReference; fileEncoding = 4; lastKnownFileType = sourcecode.c.objc; path = AppViewController.m; sourceTree = "<group>"; };
		26351A8418A72449000A30C9 /* AppViewController.xib */ = {isa = PBXFileReference; fileEncoding = 4; lastKnownFileType = file.xib; path = AppViewController.xib; sourceTree = "<group>"; };
		26351A8C18A7EEF4000A30C9 /* FeedCell.h */ = {isa = PBXFileReference; fileEncoding = 4; lastKnownFileType = sourcecode.c.h; path = FeedCell.h; sourceTree = "<group>"; };
		26351A8D18A7EEF4000A30C9 /* FeedCell.m */ = {isa = PBXFileReference; fileEncoding = 4; lastKnownFileType = sourcecode.c.objc; path = FeedCell.m; sourceTree = "<group>"; };
		26351A8F18A7EF0C000A30C9 /* FeedCell.xib */ = {isa = PBXFileReference; fileEncoding = 4; lastKnownFileType = file.xib; path = FeedCell.xib; sourceTree = "<group>"; };
		26351A9118A7F59E000A30C9 /* Question.h */ = {isa = PBXFileReference; fileEncoding = 4; lastKnownFileType = sourcecode.c.h; path = Question.h; sourceTree = "<group>"; };
		26351A9218A7F59E000A30C9 /* Question.m */ = {isa = PBXFileReference; fileEncoding = 4; lastKnownFileType = sourcecode.c.objc; path = Question.m; sourceTree = "<group>"; };
		26351A9418A80EC7000A30C9 /* PostVC.h */ = {isa = PBXFileReference; fileEncoding = 4; lastKnownFileType = sourcecode.c.h; path = PostVC.h; sourceTree = "<group>"; };
		26351A9518A80EC7000A30C9 /* PostVC.m */ = {isa = PBXFileReference; fileEncoding = 4; lastKnownFileType = sourcecode.c.objc; path = PostVC.m; sourceTree = "<group>"; };
		26351A9618A80EC7000A30C9 /* PostVC.xib */ = {isa = PBXFileReference; fileEncoding = 4; lastKnownFileType = file.xib; path = PostVC.xib; sourceTree = "<group>"; };
		26644CC018B723C000806490 /* AddFriendCell.h */ = {isa = PBXFileReference; fileEncoding = 4; lastKnownFileType = sourcecode.c.h; path = AddFriendCell.h; sourceTree = "<group>"; };
		26644CC118B723C000806490 /* AddFriendCell.m */ = {isa = PBXFileReference; fileEncoding = 4; lastKnownFileType = sourcecode.c.objc; path = AddFriendCell.m; sourceTree = "<group>"; };
		26644CC218B723C000806490 /* AddFriendCell.xib */ = {isa = PBXFileReference; fileEncoding = 4; lastKnownFileType = file.xib; path = AddFriendCell.xib; sourceTree = "<group>"; };
		2680195218C0770800B4A22D /* NewFeedVC.h */ = {isa = PBXFileReference; fileEncoding = 4; lastKnownFileType = sourcecode.c.h; path = NewFeedVC.h; sourceTree = "<group>"; };
		2680195318C0770800B4A22D /* NewFeedVC.m */ = {isa = PBXFileReference; fileEncoding = 4; lastKnownFileType = sourcecode.c.objc; path = NewFeedVC.m; sourceTree = "<group>"; };
		2680195418C0770800B4A22D /* NewFeedVC.xib */ = {isa = PBXFileReference; fileEncoding = 4; lastKnownFileType = file.xib; path = NewFeedVC.xib; sourceTree = "<group>"; };
		2680195718C08CFD00B4A22D /* PictureView.h */ = {isa = PBXFileReference; fileEncoding = 4; lastKnownFileType = sourcecode.c.h; path = PictureView.h; sourceTree = "<group>"; };
		2680195818C08CFD00B4A22D /* PictureView.m */ = {isa = PBXFileReference; fileEncoding = 4; lastKnownFileType = sourcecode.c.objc; path = PictureView.m; sourceTree = "<group>"; };
		2680195C18C08E9000B4A22D /* 29-heart.png */ = {isa = PBXFileReference; lastKnownFileType = image.png; path = "29-heart.png"; sourceTree = "<group>"; };
		2680195E18C08EF400B4A22D /* 08-chat.png */ = {isa = PBXFileReference; lastKnownFileType = image.png; path = "08-chat.png"; sourceTree = "<group>"; };
		2680196518C0968E00B4A22D /* UserQuestionView.xib */ = {isa = PBXFileReference; fileEncoding = 4; lastKnownFileType = file.xib; path = UserQuestionView.xib; sourceTree = "<group>"; };
		2680196718C09C8C00B4A22D /* NewFeedCell.h */ = {isa = PBXFileReference; fileEncoding = 4; lastKnownFileType = sourcecode.c.h; path = NewFeedCell.h; sourceTree = "<group>"; };
		2680196818C09C8C00B4A22D /* NewFeedCell.m */ = {isa = PBXFileReference; fileEncoding = 4; lastKnownFileType = sourcecode.c.objc; path = NewFeedCell.m; sourceTree = "<group>"; };
		2680196A18C09D1200B4A22D /* NewFeedCell.xib */ = {isa = PBXFileReference; fileEncoding = 4; lastKnownFileType = file.xib; path = NewFeedCell.xib; sourceTree = "<group>"; };
		2680196C18C1BE2F00B4A22D /* UserQuestionView.h */ = {isa = PBXFileReference; fileEncoding = 4; lastKnownFileType = sourcecode.c.h; path = UserQuestionView.h; sourceTree = "<group>"; };
		2680196D18C1BE2F00B4A22D /* UserQuestionView.m */ = {isa = PBXFileReference; fileEncoding = 4; lastKnownFileType = sourcecode.c.objc; path = UserQuestionView.m; sourceTree = "<group>"; };
		2680196F18C1BE3B00B4A22D /* PictureView.xib */ = {isa = PBXFileReference; fileEncoding = 4; lastKnownFileType = file.xib; path = PictureView.xib; sourceTree = "<group>"; };
		39891BCB79A34F009E78550D /* Pods.xcconfig */ = {isa = PBXFileReference; includeInIndex = 1; lastKnownFileType = text.xcconfig; name = Pods.xcconfig; path = Pods/Pods.xcconfig; sourceTree = "<group>"; };
		43619A4B92F840368B218FE4 /* libPods.a */ = {isa = PBXFileReference; explicitFileType = archive.ar; includeInIndex = 0; path = libPods.a; sourceTree = BUILT_PRODUCTS_DIR; };
		D5074FD218C05EB70028ED2F /* Parse.framework */ = {isa = PBXFileReference; lastKnownFileType = wrapper.framework; path = Parse.framework; sourceTree = "<group>"; };
		D5074FDC18C06EF30028ED2F /* slr_camera-32.png */ = {isa = PBXFileReference; lastKnownFileType = image.png; path = "slr_camera-32.png"; sourceTree = "<group>"; };
		D5074FDE18C06F080028ED2F /* stack_of_photos-32.png */ = {isa = PBXFileReference; lastKnownFileType = image.png; path = "stack_of_photos-32.png"; sourceTree = "<group>"; };
		D5074FE018C06F130028ED2F /* pinterest-32.png */ = {isa = PBXFileReference; lastKnownFileType = image.png; path = "pinterest-32.png"; sourceTree = "<group>"; };
		D5438AD318C1B34A00C94D3B /* PinterestVC.h */ = {isa = PBXFileReference; fileEncoding = 4; lastKnownFileType = sourcecode.c.h; path = PinterestVC.h; sourceTree = "<group>"; };
		D5438AD418C1B34A00C94D3B /* PinterestVC.m */ = {isa = PBXFileReference; fileEncoding = 4; lastKnownFileType = sourcecode.c.objc; path = PinterestVC.m; sourceTree = "<group>"; };
		D5438AD518C1B34A00C94D3B /* PinterestVC.xib */ = {isa = PBXFileReference; fileEncoding = 4; lastKnownFileType = file.xib; path = PinterestVC.xib; sourceTree = "<group>"; };
		D5438AD818C1B47F00C94D3B /* PinterestClient.h */ = {isa = PBXFileReference; fileEncoding = 4; lastKnownFileType = sourcecode.c.h; path = PinterestClient.h; sourceTree = "<group>"; };
		D5438AD918C1B47F00C94D3B /* PinterestClient.m */ = {isa = PBXFileReference; fileEncoding = 4; lastKnownFileType = sourcecode.c.objc; path = PinterestClient.m; sourceTree = "<group>"; };
		D5438ADB18C1C3B400C94D3B /* PinCell.h */ = {isa = PBXFileReference; fileEncoding = 4; lastKnownFileType = sourcecode.c.h; path = PinCell.h; sourceTree = "<group>"; };
		D5438ADC18C1C3B400C94D3B /* PinCell.m */ = {isa = PBXFileReference; fileEncoding = 4; lastKnownFileType = sourcecode.c.objc; path = PinCell.m; sourceTree = "<group>"; };
		D5438ADE18C1C49500C94D3B /* PinCell.xib */ = {isa = PBXFileReference; fileEncoding = 4; lastKnownFileType = file.xib; path = PinCell.xib; sourceTree = "<group>"; };
		D5438AE018C1D89900C94D3B /* pinterest-128.png */ = {isa = PBXFileReference; lastKnownFileType = image.png; path = "pinterest-128.png"; sourceTree = "<group>"; };
		D572FE4618B1DAFE000DB1D0 /* FacebookSDK.framework */ = {isa = PBXFileReference; lastKnownFileType = wrapper.framework; path = FacebookSDK.framework; sourceTree = "<group>"; };
		D572FE4A18B1DBF7000DB1D0 /* AudioToolbox.framework */ = {isa = PBXFileReference; lastKnownFileType = wrapper.framework; name = AudioToolbox.framework; path = System/Library/Frameworks/AudioToolbox.framework; sourceTree = SDKROOT; };
		D572FE4C18B1DBFE000DB1D0 /* CFNetwork.framework */ = {isa = PBXFileReference; lastKnownFileType = wrapper.framework; name = CFNetwork.framework; path = System/Library/Frameworks/CFNetwork.framework; sourceTree = SDKROOT; };
		D572FE4E18B1DC0F000DB1D0 /* CoreLocation.framework */ = {isa = PBXFileReference; lastKnownFileType = wrapper.framework; name = CoreLocation.framework; path = System/Library/Frameworks/CoreLocation.framework; sourceTree = SDKROOT; };
		D572FE5018B1DC18000DB1D0 /* libz.dylib */ = {isa = PBXFileReference; lastKnownFileType = "compiled.mach-o.dylib"; name = libz.dylib; path = usr/lib/libz.dylib; sourceTree = SDKROOT; };
		D572FE5218B1DC21000DB1D0 /* MobileCoreServices.framework */ = {isa = PBXFileReference; lastKnownFileType = wrapper.framework; name = MobileCoreServices.framework; path = System/Library/Frameworks/MobileCoreServices.framework; sourceTree = SDKROOT; };
		D572FE5418B1DC2A000DB1D0 /* QuartzCore.framework */ = {isa = PBXFileReference; lastKnownFileType = wrapper.framework; name = QuartzCore.framework; path = System/Library/Frameworks/QuartzCore.framework; sourceTree = SDKROOT; };
		D572FE5618B1DC35000DB1D0 /* Security.framework */ = {isa = PBXFileReference; lastKnownFileType = wrapper.framework; name = Security.framework; path = System/Library/Frameworks/Security.framework; sourceTree = SDKROOT; };
		D572FE5818B1DC3C000DB1D0 /* StoreKit.framework */ = {isa = PBXFileReference; lastKnownFileType = wrapper.framework; name = StoreKit.framework; path = System/Library/Frameworks/StoreKit.framework; sourceTree = SDKROOT; };
		D572FE5A18B1DC46000DB1D0 /* SystemConfiguration.framework */ = {isa = PBXFileReference; lastKnownFileType = wrapper.framework; name = SystemConfiguration.framework; path = System/Library/Frameworks/SystemConfiguration.framework; sourceTree = SDKROOT; };
/* End PBXFileReference section */

/* Begin PBXFrameworksBuildPhase section */
		263519F018A5D1FF000A30C9 /* Frameworks */ = {
			isa = PBXFrameworksBuildPhase;
			buildActionMask = 2147483647;
			files = (
				D572FE5B18B1DC46000DB1D0 /* SystemConfiguration.framework in Frameworks */,
				D572FE5918B1DC3C000DB1D0 /* StoreKit.framework in Frameworks */,
				D572FE5718B1DC35000DB1D0 /* Security.framework in Frameworks */,
				D572FE5518B1DC2A000DB1D0 /* QuartzCore.framework in Frameworks */,
				D5074FD318C05EB70028ED2F /* Parse.framework in Frameworks */,
				D572FE5318B1DC21000DB1D0 /* MobileCoreServices.framework in Frameworks */,
				D572FE5118B1DC18000DB1D0 /* libz.dylib in Frameworks */,
				D572FE4F18B1DC0F000DB1D0 /* CoreLocation.framework in Frameworks */,
				263519F918A5D1FF000A30C9 /* CoreGraphics.framework in Frameworks */,
				D572FE4D18B1DBFE000DB1D0 /* CFNetwork.framework in Frameworks */,
				D572FE4B18B1DBF7000DB1D0 /* AudioToolbox.framework in Frameworks */,
				D572FE4718B1DAFE000DB1D0 /* FacebookSDK.framework in Frameworks */,
				263519FB18A5D1FF000A30C9 /* UIKit.framework in Frameworks */,
				263519F718A5D1FF000A30C9 /* Foundation.framework in Frameworks */,
				B031302B82C840708B86AE68 /* libPods.a in Frameworks */,
			);
			runOnlyForDeploymentPostprocessing = 0;
		};
		26351A1418A5D1FF000A30C9 /* Frameworks */ = {
			isa = PBXFrameworksBuildPhase;
			buildActionMask = 2147483647;
			files = (
				26351A1918A5D1FF000A30C9 /* XCTest.framework in Frameworks */,
				26351A1B18A5D1FF000A30C9 /* UIKit.framework in Frameworks */,
				26351A1A18A5D1FF000A30C9 /* Foundation.framework in Frameworks */,
			);
			runOnlyForDeploymentPostprocessing = 0;
		};
/* End PBXFrameworksBuildPhase section */

/* Begin PBXGroup section */
		263519EA18A5D1FF000A30C9 = {
			isa = PBXGroup;
			children = (
				263519FC18A5D1FF000A30C9 /* chooseme */,
				26351A1E18A5D1FF000A30C9 /* choosemeTests */,
				263519F518A5D1FF000A30C9 /* Frameworks */,
				263519F418A5D1FF000A30C9 /* Products */,
				39891BCB79A34F009E78550D /* Pods.xcconfig */,
			);
			sourceTree = "<group>";
		};
		263519F418A5D1FF000A30C9 /* Products */ = {
			isa = PBXGroup;
			children = (
				263519F318A5D1FF000A30C9 /* chooseme.app */,
				26351A1718A5D1FF000A30C9 /* choosemeTests.xctest */,
			);
			name = Products;
			sourceTree = "<group>";
		};
		263519F518A5D1FF000A30C9 /* Frameworks */ = {
			isa = PBXGroup;
			children = (
				D5074FD218C05EB70028ED2F /* Parse.framework */,
				D572FE5A18B1DC46000DB1D0 /* SystemConfiguration.framework */,
				D572FE5818B1DC3C000DB1D0 /* StoreKit.framework */,
				D572FE5618B1DC35000DB1D0 /* Security.framework */,
				D572FE5418B1DC2A000DB1D0 /* QuartzCore.framework */,
				D572FE5218B1DC21000DB1D0 /* MobileCoreServices.framework */,
				D572FE5018B1DC18000DB1D0 /* libz.dylib */,
				D572FE4E18B1DC0F000DB1D0 /* CoreLocation.framework */,
				D572FE4C18B1DBFE000DB1D0 /* CFNetwork.framework */,
				D572FE4A18B1DBF7000DB1D0 /* AudioToolbox.framework */,
				D572FE4618B1DAFE000DB1D0 /* FacebookSDK.framework */,
				263519F618A5D1FF000A30C9 /* Foundation.framework */,
				263519F818A5D1FF000A30C9 /* CoreGraphics.framework */,
				263519FA18A5D1FF000A30C9 /* UIKit.framework */,
				26351A1818A5D1FF000A30C9 /* XCTest.framework */,
				43619A4B92F840368B218FE4 /* libPods.a */,
			);
			name = Frameworks;
			sourceTree = "<group>";
		};
		263519FC18A5D1FF000A30C9 /* chooseme */ = {
			isa = PBXGroup;
			children = (
				26351A0518A5D1FF000A30C9 /* AppDelegate.h */,
				26351A0618A5D1FF000A30C9 /* AppDelegate.m */,
				26351A8218A72449000A30C9 /* AppViewController.h */,
				26351A8318A72449000A30C9 /* AppViewController.m */,
				26351A8418A72449000A30C9 /* AppViewController.xib */,
				26351A0818A5D1FF000A30C9 /* Main_iPhone.storyboard */,
				26351A0B18A5D1FF000A30C9 /* Main_iPad.storyboard */,
				26351A1118A5D1FF000A30C9 /* Images.xcassets */,
				263519FD18A5D1FF000A30C9 /* Supporting Files */,
				26351A2E18A5D24D000A30C9 /* CameraVC.h */,
				26351A2F18A5D24D000A30C9 /* CameraVC.m */,
				26351A3018A5D24D000A30C9 /* CameraVC.xib */,
				263295E418B33DA700A84CB2 /* QuestionVC.h */,
				263295E518B33DA700A84CB2 /* QuestionVC.m */,
				263295E618B33DA700A84CB2 /* QuestionVC.xib */,
				26644CC018B723C000806490 /* AddFriendCell.h */,
				26644CC118B723C000806490 /* AddFriendCell.m */,
				26644CC218B723C000806490 /* AddFriendCell.xib */,
				2680195218C0770800B4A22D /* NewFeedVC.h */,
				2680195318C0770800B4A22D /* NewFeedVC.m */,
				2680195418C0770800B4A22D /* NewFeedVC.xib */,
				2680196818C09C8C00B4A22D /* NewFeedCell.m */,
				2680196718C09C8C00B4A22D /* NewFeedCell.h */,
				2680196A18C09D1200B4A22D /* NewFeedCell.xib */,
				26351A9418A80EC7000A30C9 /* PostVC.h */,
				26351A9518A80EC7000A30C9 /* PostVC.m */,
				26351A9618A80EC7000A30C9 /* PostVC.xib */,
				2680197218C2615900B4A22D /* Views */,
				2680197118C2613C00B4A22D /* OldFiles */,
				D52B901918B32214004005D7 /* Model */,
				2627EA2B18BDBDDE00ECD2A5 /* UIImage+mask.h */,
				2627EA2C18BDBDDE00ECD2A5 /* UIImage+mask.m */,
				D5438AD318C1B34A00C94D3B /* PinterestVC.h */,
				D5438AD418C1B34A00C94D3B /* PinterestVC.m */,
				D5438AD518C1B34A00C94D3B /* PinterestVC.xib */,
				D5438ADB18C1C3B400C94D3B /* PinCell.h */,
				D5438ADC18C1C3B400C94D3B /* PinCell.m */,
				D5438ADE18C1C49500C94D3B /* PinCell.xib */,
			);
			path = chooseme;
			sourceTree = "<group>";
		};
		263519FD18A5D1FF000A30C9 /* Supporting Files */ = {
			isa = PBXGroup;
			children = (
				2680195E18C08EF400B4A22D /* 08-chat.png */,
				2680195C18C08E9000B4A22D /* 29-heart.png */,
				2627EA2918BDB09800ECD2A5 /* 117-todo.png */,
				2627EA2718BDB07200ECD2A5 /* 112-group.png */,
				D5438AE018C1D89900C94D3B /* pinterest-128.png */,
				D5074FDC18C06EF30028ED2F /* slr_camera-32.png */,
				D5074FDE18C06F080028ED2F /* stack_of_photos-32.png */,
				D5074FE018C06F130028ED2F /* pinterest-32.png */,
				2627EA2518BDB06D00ECD2A5 /* 111-user.png */,
				2627EA2318BDB02F00ECD2A5 /* 11-clock.png */,
				2627EA2118BDAF7000ECD2A5 /* 86-camera.png */,
				2632962B18B5DBDE00A84CB2 /* 111834.jpg */,
				2632962C18B5DBDE00A84CB2 /* 131466.jpg */,
				263519FE18A5D1FF000A30C9 /* chooseme-Info.plist */,
				263519FF18A5D1FF000A30C9 /* InfoPlist.strings */,
				26351A0218A5D1FF000A30C9 /* main.m */,
				26351A0418A5D1FF000A30C9 /* chooseme-Prefix.pch */,
			);
			name = "Supporting Files";
			sourceTree = "<group>";
		};
		26351A1E18A5D1FF000A30C9 /* choosemeTests */ = {
			isa = PBXGroup;
			children = (
				26351A2418A5D1FF000A30C9 /* choosemeTests.m */,
				26351A1F18A5D1FF000A30C9 /* Supporting Files */,
			);
			path = choosemeTests;
			sourceTree = "<group>";
		};
		26351A1F18A5D1FF000A30C9 /* Supporting Files */ = {
			isa = PBXGroup;
			children = (
				26351A2018A5D1FF000A30C9 /* choosemeTests-Info.plist */,
				26351A2118A5D1FF000A30C9 /* InfoPlist.strings */,
			);
			name = "Supporting Files";
			sourceTree = "<group>";
		};
		2680197118C2613C00B4A22D /* OldFiles */ = {
			isa = PBXGroup;
			children = (
				26351A3318A5FB6B000A30C9 /* FeedVC.h */,
				26351A3418A5FB6B000A30C9 /* FeedVC.m */,
				26351A3518A5FB6B000A30C9 /* FeedVC.xib */,
				26351A8C18A7EEF4000A30C9 /* FeedCell.h */,
				26351A8D18A7EEF4000A30C9 /* FeedCell.m */,
				26351A8F18A7EF0C000A30C9 /* FeedCell.xib */,
			);
			name = OldFiles;
			sourceTree = "<group>";
		};
		2680197218C2615900B4A22D /* Views */ = {
			isa = PBXGroup;
			children = (
				2680196C18C1BE2F00B4A22D /* UserQuestionView.h */,
				2680196D18C1BE2F00B4A22D /* UserQuestionView.m */,
				2680196518C0968E00B4A22D /* UserQuestionView.xib */,
				2680195718C08CFD00B4A22D /* PictureView.h */,
				2680195818C08CFD00B4A22D /* PictureView.m */,
				2680196F18C1BE3B00B4A22D /* PictureView.xib */,
			);
			name = Views;
			sourceTree = "<group>";
		};
		D52B901918B32214004005D7 /* Model */ = {
			isa = PBXGroup;
			children = (
				26351A9118A7F59E000A30C9 /* Question.h */,
				26351A9218A7F59E000A30C9 /* Question.m */,
				D5438AD818C1B47F00C94D3B /* PinterestClient.h */,
				D5438AD918C1B47F00C94D3B /* PinterestClient.m */,
			);
			name = Model;
			sourceTree = "<group>";
		};
/* End PBXGroup section */

/* Begin PBXNativeTarget section */
		263519F218A5D1FF000A30C9 /* chooseme */ = {
			isa = PBXNativeTarget;
			buildConfigurationList = 26351A2818A5D1FF000A30C9 /* Build configuration list for PBXNativeTarget "chooseme" */;
			buildPhases = (
				1AAD7F9678BD404BBF6B7C33 /* Check Pods Manifest.lock */,
				263519EF18A5D1FF000A30C9 /* Sources */,
				263519F018A5D1FF000A30C9 /* Frameworks */,
				263519F118A5D1FF000A30C9 /* Resources */,
				799C725FD4EB4A66BEB17830 /* Copy Pods Resources */,
			);
			buildRules = (
			);
			dependencies = (
			);
			name = chooseme;
			productName = chooseme;
			productReference = 263519F318A5D1FF000A30C9 /* chooseme.app */;
			productType = "com.apple.product-type.application";
		};
		26351A1618A5D1FF000A30C9 /* choosemeTests */ = {
			isa = PBXNativeTarget;
			buildConfigurationList = 26351A2B18A5D1FF000A30C9 /* Build configuration list for PBXNativeTarget "choosemeTests" */;
			buildPhases = (
				26351A1318A5D1FF000A30C9 /* Sources */,
				26351A1418A5D1FF000A30C9 /* Frameworks */,
				26351A1518A5D1FF000A30C9 /* Resources */,
			);
			buildRules = (
			);
			dependencies = (
				26351A1D18A5D1FF000A30C9 /* PBXTargetDependency */,
			);
			name = choosemeTests;
			productName = choosemeTests;
			productReference = 26351A1718A5D1FF000A30C9 /* choosemeTests.xctest */;
			productType = "com.apple.product-type.bundle.unit-test";
		};
/* End PBXNativeTarget section */

/* Begin PBXProject section */
		263519EB18A5D1FF000A30C9 /* Project object */ = {
			isa = PBXProject;
			attributes = {
				LastUpgradeCheck = 0500;
				ORGANIZATIONNAME = "Jenny Kwan";
				TargetAttributes = {
					26351A1618A5D1FF000A30C9 = {
						TestTargetID = 263519F218A5D1FF000A30C9;
					};
				};
			};
			buildConfigurationList = 263519EE18A5D1FF000A30C9 /* Build configuration list for PBXProject "chooseme" */;
			compatibilityVersion = "Xcode 3.2";
			developmentRegion = English;
			hasScannedForEncodings = 0;
			knownRegions = (
				en,
				Base,
			);
			mainGroup = 263519EA18A5D1FF000A30C9;
			productRefGroup = 263519F418A5D1FF000A30C9 /* Products */;
			projectDirPath = "";
			projectRoot = "";
			targets = (
				263519F218A5D1FF000A30C9 /* chooseme */,
				26351A1618A5D1FF000A30C9 /* choosemeTests */,
			);
		};
/* End PBXProject section */

/* Begin PBXResourcesBuildPhase section */
		263519F118A5D1FF000A30C9 /* Resources */ = {
			isa = PBXResourcesBuildPhase;
			buildActionMask = 2147483647;
			files = (
				26644CC418B723C000806490 /* AddFriendCell.xib in Resources */,
				2680197018C1BE3B00B4A22D /* PictureView.xib in Resources */,
				2680195618C0770800B4A22D /* NewFeedVC.xib in Resources */,
				2680195F18C08EF400B4A22D /* 08-chat.png in Resources */,
				263295E818B33DA700A84CB2 /* QuestionVC.xib in Resources */,
				2680195D18C08E9000B4A22D /* 29-heart.png in Resources */,
				D5074FE118C06F130028ED2F /* pinterest-32.png in Resources */,
				2632962D18B5DBDE00A84CB2 /* 111834.jpg in Resources */,
				D5438AD718C1B34A00C94D3B /* PinterestVC.xib in Resources */,
				D5438AE118C1D89900C94D3B /* pinterest-128.png in Resources */,
				26351A0D18A5D1FF000A30C9 /* Main_iPad.storyboard in Resources */,
				2680196B18C09D1200B4A22D /* NewFeedCell.xib in Resources */,
				2627EA2418BDB02F00ECD2A5 /* 11-clock.png in Resources */,
				D5074FDF18C06F080028ED2F /* stack_of_photos-32.png in Resources */,
				26351A1218A5D1FF000A30C9 /* Images.xcassets in Resources */,
				26351A8618A72449000A30C9 /* AppViewController.xib in Resources */,
				26351A0A18A5D1FF000A30C9 /* Main_iPhone.storyboard in Resources */,
				2632962E18B5DBDE00A84CB2 /* 131466.jpg in Resources */,
				26351A9018A7EF0C000A30C9 /* FeedCell.xib in Resources */,
				D5438ADF18C1C49500C94D3B /* PinCell.xib in Resources */,
				26351A0118A5D1FF000A30C9 /* InfoPlist.strings in Resources */,
				2627EA2A18BDB09800ECD2A5 /* 117-todo.png in Resources */,
				2627EA2218BDAF7000ECD2A5 /* 86-camera.png in Resources */,
				2627EA2818BDB07200ECD2A5 /* 112-group.png in Resources */,
				D5074FDD18C06EF30028ED2F /* slr_camera-32.png in Resources */,
				26351A9818A80EC7000A30C9 /* PostVC.xib in Resources */,
				26351A3718A5FB6B000A30C9 /* FeedVC.xib in Resources */,
				2680196618C0968E00B4A22D /* UserQuestionView.xib in Resources */,
				2627EA2618BDB06D00ECD2A5 /* 111-user.png in Resources */,
				26351A3218A5D24D000A30C9 /* CameraVC.xib in Resources */,
			);
			runOnlyForDeploymentPostprocessing = 0;
		};
		26351A1518A5D1FF000A30C9 /* Resources */ = {
			isa = PBXResourcesBuildPhase;
			buildActionMask = 2147483647;
			files = (
				26351A2318A5D1FF000A30C9 /* InfoPlist.strings in Resources */,
			);
			runOnlyForDeploymentPostprocessing = 0;
		};
/* End PBXResourcesBuildPhase section */

/* Begin PBXShellScriptBuildPhase section */
		1AAD7F9678BD404BBF6B7C33 /* Check Pods Manifest.lock */ = {
			isa = PBXShellScriptBuildPhase;
			buildActionMask = 2147483647;
			files = (
			);
			inputPaths = (
			);
			name = "Check Pods Manifest.lock";
			outputPaths = (
			);
			runOnlyForDeploymentPostprocessing = 0;
			shellPath = /bin/sh;
			shellScript = "diff \"${PODS_ROOT}/../Podfile.lock\" \"${PODS_ROOT}/Manifest.lock\" > /dev/null\nif [[ $? != 0 ]] ; then\n    cat << EOM\nerror: The sandbox is not in sync with the Podfile.lock. Run 'pod install' or update your CocoaPods installation.\nEOM\n    exit 1\nfi\n";
			showEnvVarsInLog = 0;
		};
		799C725FD4EB4A66BEB17830 /* Copy Pods Resources */ = {
			isa = PBXShellScriptBuildPhase;
			buildActionMask = 2147483647;
			files = (
			);
			inputPaths = (
			);
			name = "Copy Pods Resources";
			outputPaths = (
			);
			runOnlyForDeploymentPostprocessing = 0;
			shellPath = /bin/sh;
			shellScript = "\"${SRCROOT}/Pods/Pods-resources.sh\"\n";
			showEnvVarsInLog = 0;
		};
/* End PBXShellScriptBuildPhase section */

/* Begin PBXSourcesBuildPhase section */
		263519EF18A5D1FF000A30C9 /* Sources */ = {
			isa = PBXSourcesBuildPhase;
			buildActionMask = 2147483647;
			files = (
				26351A8518A72449000A30C9 /* AppViewController.m in Sources */,
				2680196918C09C8C00B4A22D /* NewFeedCell.m in Sources */,
				D5438ADD18C1C3B400C94D3B /* PinCell.m in Sources */,
				26351A3618A5FB6B000A30C9 /* FeedVC.m in Sources */,
				26351A9718A80EC7000A30C9 /* PostVC.m in Sources */,
				26351A0718A5D1FF000A30C9 /* AppDelegate.m in Sources */,
				26351A8E18A7EEF4000A30C9 /* FeedCell.m in Sources */,
				2680195918C08CFD00B4A22D /* PictureView.m in Sources */,
				2627EA2D18BDBDDE00ECD2A5 /* UIImage+mask.m in Sources */,
				2680196E18C1BE2F00B4A22D /* UserQuestionView.m in Sources */,
				26351A9318A7F59E000A30C9 /* Question.m in Sources */,
				26351A0318A5D1FF000A30C9 /* main.m in Sources */,
				26644CC318B723C000806490 /* AddFriendCell.m in Sources */,
				2680195518C0770800B4A22D /* NewFeedVC.m in Sources */,
				263295E718B33DA700A84CB2 /* QuestionVC.m in Sources */,
				D5438ADA18C1B47F00C94D3B /* PinterestClient.m in Sources */,
				26351A3118A5D24D000A30C9 /* CameraVC.m in Sources */,
				D5438AD618C1B34A00C94D3B /* PinterestVC.m in Sources */,
			);
			runOnlyForDeploymentPostprocessing = 0;
		};
		26351A1318A5D1FF000A30C9 /* Sources */ = {
			isa = PBXSourcesBuildPhase;
			buildActionMask = 2147483647;
			files = (
				26351A2518A5D1FF000A30C9 /* choosemeTests.m in Sources */,
			);
			runOnlyForDeploymentPostprocessing = 0;
		};
/* End PBXSourcesBuildPhase section */

/* Begin PBXTargetDependency section */
		26351A1D18A5D1FF000A30C9 /* PBXTargetDependency */ = {
			isa = PBXTargetDependency;
			target = 263519F218A5D1FF000A30C9 /* chooseme */;
			targetProxy = 26351A1C18A5D1FF000A30C9 /* PBXContainerItemProxy */;
		};
/* End PBXTargetDependency section */

/* Begin PBXVariantGroup section */
		263519FF18A5D1FF000A30C9 /* InfoPlist.strings */ = {
			isa = PBXVariantGroup;
			children = (
				26351A0018A5D1FF000A30C9 /* en */,
			);
			name = InfoPlist.strings;
			sourceTree = "<group>";
		};
		26351A0818A5D1FF000A30C9 /* Main_iPhone.storyboard */ = {
			isa = PBXVariantGroup;
			children = (
				26351A0918A5D1FF000A30C9 /* Base */,
			);
			name = Main_iPhone.storyboard;
			sourceTree = "<group>";
		};
		26351A0B18A5D1FF000A30C9 /* Main_iPad.storyboard */ = {
			isa = PBXVariantGroup;
			children = (
				26351A0C18A5D1FF000A30C9 /* Base */,
			);
			name = Main_iPad.storyboard;
			sourceTree = "<group>";
		};
		26351A2118A5D1FF000A30C9 /* InfoPlist.strings */ = {
			isa = PBXVariantGroup;
			children = (
				26351A2218A5D1FF000A30C9 /* en */,
			);
			name = InfoPlist.strings;
			sourceTree = "<group>";
		};
/* End PBXVariantGroup section */

/* Begin XCBuildConfiguration section */
		26351A2618A5D1FF000A30C9 /* Debug */ = {
			isa = XCBuildConfiguration;
			buildSettings = {
				ALWAYS_SEARCH_USER_PATHS = NO;
				ARCHS = "$(ARCHS_STANDARD_INCLUDING_64_BIT)";
				CLANG_CXX_LANGUAGE_STANDARD = "gnu++0x";
				CLANG_CXX_LIBRARY = "libc++";
				CLANG_ENABLE_MODULES = YES;
				CLANG_ENABLE_OBJC_ARC = YES;
				CLANG_WARN_BOOL_CONVERSION = YES;
				CLANG_WARN_CONSTANT_CONVERSION = YES;
				CLANG_WARN_DIRECT_OBJC_ISA_USAGE = YES_ERROR;
				CLANG_WARN_EMPTY_BODY = YES;
				CLANG_WARN_ENUM_CONVERSION = YES;
				CLANG_WARN_INT_CONVERSION = YES;
				CLANG_WARN_OBJC_ROOT_CLASS = YES_ERROR;
				CLANG_WARN__DUPLICATE_METHOD_MATCH = YES;
				"CODE_SIGN_IDENTITY[sdk=iphoneos*]" = "iPhone Developer";
				COPY_PHASE_STRIP = NO;
				GCC_C_LANGUAGE_STANDARD = gnu99;
				GCC_DYNAMIC_NO_PIC = NO;
				GCC_OPTIMIZATION_LEVEL = 0;
				GCC_PREPROCESSOR_DEFINITIONS = (
					"DEBUG=1",
					"$(inherited)",
				);
				GCC_SYMBOLS_PRIVATE_EXTERN = NO;
				GCC_WARN_64_TO_32_BIT_CONVERSION = YES;
				GCC_WARN_ABOUT_RETURN_TYPE = YES_ERROR;
				GCC_WARN_UNDECLARED_SELECTOR = YES;
				GCC_WARN_UNINITIALIZED_AUTOS = YES;
				GCC_WARN_UNUSED_FUNCTION = YES;
				GCC_WARN_UNUSED_VARIABLE = YES;
				IPHONEOS_DEPLOYMENT_TARGET = 7.0;
				ONLY_ACTIVE_ARCH = YES;
				SDKROOT = iphoneos;
				TARGETED_DEVICE_FAMILY = "1,2";
			};
			name = Debug;
		};
		26351A2718A5D1FF000A30C9 /* Release */ = {
			isa = XCBuildConfiguration;
			buildSettings = {
				ALWAYS_SEARCH_USER_PATHS = NO;
				ARCHS = "$(ARCHS_STANDARD_INCLUDING_64_BIT)";
				CLANG_CXX_LANGUAGE_STANDARD = "gnu++0x";
				CLANG_CXX_LIBRARY = "libc++";
				CLANG_ENABLE_MODULES = YES;
				CLANG_ENABLE_OBJC_ARC = YES;
				CLANG_WARN_BOOL_CONVERSION = YES;
				CLANG_WARN_CONSTANT_CONVERSION = YES;
				CLANG_WARN_DIRECT_OBJC_ISA_USAGE = YES_ERROR;
				CLANG_WARN_EMPTY_BODY = YES;
				CLANG_WARN_ENUM_CONVERSION = YES;
				CLANG_WARN_INT_CONVERSION = YES;
				CLANG_WARN_OBJC_ROOT_CLASS = YES_ERROR;
				CLANG_WARN__DUPLICATE_METHOD_MATCH = YES;
				"CODE_SIGN_IDENTITY[sdk=iphoneos*]" = "iPhone Developer";
				COPY_PHASE_STRIP = YES;
				ENABLE_NS_ASSERTIONS = NO;
				GCC_C_LANGUAGE_STANDARD = gnu99;
				GCC_WARN_64_TO_32_BIT_CONVERSION = YES;
				GCC_WARN_ABOUT_RETURN_TYPE = YES_ERROR;
				GCC_WARN_UNDECLARED_SELECTOR = YES;
				GCC_WARN_UNINITIALIZED_AUTOS = YES;
				GCC_WARN_UNUSED_FUNCTION = YES;
				GCC_WARN_UNUSED_VARIABLE = YES;
				IPHONEOS_DEPLOYMENT_TARGET = 7.0;
				SDKROOT = iphoneos;
				TARGETED_DEVICE_FAMILY = "1,2";
				VALIDATE_PRODUCT = YES;
			};
			name = Release;
		};
		26351A2918A5D1FF000A30C9 /* Debug */ = {
			isa = XCBuildConfiguration;
			baseConfigurationReference = 39891BCB79A34F009E78550D /* Pods.xcconfig */;
			buildSettings = {
				ASSETCATALOG_COMPILER_APPICON_NAME = AppIcon;
				ASSETCATALOG_COMPILER_LAUNCHIMAGE_NAME = LaunchImage;
				FRAMEWORK_SEARCH_PATHS = (
					"$(inherited)",
					/Users/jennykwan/Documents/chooseme,
					/Users/subhagollakota/Documents/ios/chooseme,
				);
				GCC_PRECOMPILE_PREFIX_HEADER = YES;
				GCC_PREFIX_HEADER = "chooseme/chooseme-Prefix.pch";
				INFOPLIST_FILE = "chooseme/chooseme-Info.plist";
				PRODUCT_NAME = "$(TARGET_NAME)";
				WRAPPER_EXTENSION = app;
			};
			name = Debug;
		};
		26351A2A18A5D1FF000A30C9 /* Release */ = {
			isa = XCBuildConfiguration;
			baseConfigurationReference = 39891BCB79A34F009E78550D /* Pods.xcconfig */;
			buildSettings = {
				ASSETCATALOG_COMPILER_APPICON_NAME = AppIcon;
				ASSETCATALOG_COMPILER_LAUNCHIMAGE_NAME = LaunchImage;
				FRAMEWORK_SEARCH_PATHS = (
					"$(inherited)",
					/Users/jennykwan/Documents/chooseme,
					/Users/subhagollakota/Documents/ios/chooseme,
				);
				GCC_PRECOMPILE_PREFIX_HEADER = YES;
				GCC_PREFIX_HEADER = "chooseme/chooseme-Prefix.pch";
				INFOPLIST_FILE = "chooseme/chooseme-Info.plist";
				PRODUCT_NAME = "$(TARGET_NAME)";
				WRAPPER_EXTENSION = app;
			};
			name = Release;
		};
		26351A2C18A5D1FF000A30C9 /* Debug */ = {
			isa = XCBuildConfiguration;
			buildSettings = {
				ARCHS = "$(ARCHS_STANDARD_INCLUDING_64_BIT)";
				BUNDLE_LOADER = "$(BUILT_PRODUCTS_DIR)/chooseme.app/chooseme";
				FRAMEWORK_SEARCH_PATHS = (
					"$(SDKROOT)/Developer/Library/Frameworks",
					"$(inherited)",
					"$(DEVELOPER_FRAMEWORKS_DIR)",
				);
				GCC_PRECOMPILE_PREFIX_HEADER = YES;
				GCC_PREFIX_HEADER = "chooseme/chooseme-Prefix.pch";
				GCC_PREPROCESSOR_DEFINITIONS = (
					"DEBUG=1",
					"$(inherited)",
				);
				INFOPLIST_FILE = "choosemeTests/choosemeTests-Info.plist";
				PRODUCT_NAME = "$(TARGET_NAME)";
				TEST_HOST = "$(BUNDLE_LOADER)";
				WRAPPER_EXTENSION = xctest;
			};
			name = Debug;
		};
		26351A2D18A5D1FF000A30C9 /* Release */ = {
			isa = XCBuildConfiguration;
			buildSettings = {
				ARCHS = "$(ARCHS_STANDARD_INCLUDING_64_BIT)";
				BUNDLE_LOADER = "$(BUILT_PRODUCTS_DIR)/chooseme.app/chooseme";
				FRAMEWORK_SEARCH_PATHS = (
					"$(SDKROOT)/Developer/Library/Frameworks",
					"$(inherited)",
					"$(DEVELOPER_FRAMEWORKS_DIR)",
				);
				GCC_PRECOMPILE_PREFIX_HEADER = YES;
				GCC_PREFIX_HEADER = "chooseme/chooseme-Prefix.pch";
				INFOPLIST_FILE = "choosemeTests/choosemeTests-Info.plist";
				PRODUCT_NAME = "$(TARGET_NAME)";
				TEST_HOST = "$(BUNDLE_LOADER)";
				WRAPPER_EXTENSION = xctest;
			};
			name = Release;
		};
/* End XCBuildConfiguration section */

/* Begin XCConfigurationList section */
		263519EE18A5D1FF000A30C9 /* Build configuration list for PBXProject "chooseme" */ = {
			isa = XCConfigurationList;
			buildConfigurations = (
				26351A2618A5D1FF000A30C9 /* Debug */,
				26351A2718A5D1FF000A30C9 /* Release */,
			);
			defaultConfigurationIsVisible = 0;
			defaultConfigurationName = Release;
		};
		26351A2818A5D1FF000A30C9 /* Build configuration list for PBXNativeTarget "chooseme" */ = {
			isa = XCConfigurationList;
			buildConfigurations = (
				26351A2918A5D1FF000A30C9 /* Debug */,
				26351A2A18A5D1FF000A30C9 /* Release */,
			);
			defaultConfigurationIsVisible = 0;
			defaultConfigurationName = Release;
		};
		26351A2B18A5D1FF000A30C9 /* Build configuration list for PBXNativeTarget "choosemeTests" */ = {
			isa = XCConfigurationList;
			buildConfigurations = (
				26351A2C18A5D1FF000A30C9 /* Debug */,
				26351A2D18A5D1FF000A30C9 /* Release */,
			);
			defaultConfigurationIsVisible = 0;
			defaultConfigurationName = Release;
		};
/* End XCConfigurationList section */
	};
	rootObject = 263519EB18A5D1FF000A30C9 /* Project object */;
}
